
Microsoft Visual Studio Solution File, Format Version 12.00
# Visual Studio Version 17
VisualStudioVersion = 17.6.33829.357
MinimumVisualStudioVersion = 10.0.40219.1
Project("{FAE04EC0-301F-11D3-BF4B-00C04F79EFBC}") = "CSharp_QLTT", "CSharp_QLTT.csproj", "{6BF2DBA6-7CD0-4004-9375-44BB66FACA7B}"
EndProject
Global
	GlobalSection(SolutionConfigurationPlatforms) = preSolution
		Debug|Any CPU = Debug|Any CPU
		Release|Any CPU = Release|Any CPU
	EndGlobalSection
	GlobalSection(ProjectConfigurationPlatforms) = postSolution
		{6BF2DBA6-7CD0-4004-9375-44BB66FACA7B}.Debug|Any CPU.ActiveCfg = Debug|Any CPU
		{6BF2DBA6-7CD0-4004-9375-44BB66FACA7B}.Debug|Any CPU.Build.0 = Debug|Any CPU
		{6BF2DBA6-7CD0-4004-9375-44BB66FACA7B}.Release|Any CPU.ActiveCfg = Release|Any CPU
		{6BF2DBA6-7CD0-4004-9375-44BB66FACA7B}.Release|Any CPU.Build.0 = Release|Any CPU
	EndGlobalSection
	GlobalSection(SolutionProperties) = preSolution
		HideSolutionNode = FALSE
	EndGlobalSection
	GlobalSection(ExtensibilityGlobals) = postSolution
		SolutionGuid = {0CDD9840-8802-4626-B47A-043DEAD55F45}
	EndGlobalSection
EndGlobal
